// !$*UTF8*$!
{
	archiveVersion = 1;
	classes = {
	};
	objectVersion = 55;
	objects = {

/* Begin PBXBuildFile section */
		9E0D78CC27EED18C00D7D41F /* TickerCell.swift in Sources */ = {isa = PBXBuildFile; fileRef = 9E0D78CB27EED18C00D7D41F /* TickerCell.swift */; };
		9E0D78CE27EED1D500D7D41F /* ArticleCardCell.swift in Sources */ = {isa = PBXBuildFile; fileRef = 9E0D78CD27EED1D500D7D41F /* ArticleCardCell.swift */; };
		9E0D78D027EED1E900D7D41F /* ArticleCell.swift in Sources */ = {isa = PBXBuildFile; fileRef = 9E0D78CF27EED1E900D7D41F /* ArticleCell.swift */; };
		9E0D78D327EEEF9E00D7D41F /* Kingfisher in Frameworks */ = {isa = PBXBuildFile; productRef = 9E0D78D227EEEF9E00D7D41F /* Kingfisher */; };
		9E0D78D527EF114800D7D41F /* HomeSectionHeaderView.swift.swift in Sources */ = {isa = PBXBuildFile; fileRef = 9E0D78D427EF114800D7D41F /* HomeSectionHeaderView.swift.swift */; };
		9E0D78D827EF68CE00D7D41F /* HomeViewModel.swift in Sources */ = {isa = PBXBuildFile; fileRef = 9E0D78D727EF68CE00D7D41F /* HomeViewModel.swift */; };
		9E0D78DC27EF716F00D7D41F /* Section.swift in Sources */ = {isa = PBXBuildFile; fileRef = 9E0D78DB27EF716F00D7D41F /* Section.swift */; };
		9E0D78DE27EF718900D7D41F /* Cell.swift in Sources */ = {isa = PBXBuildFile; fileRef = 9E0D78DD27EF718900D7D41F /* Cell.swift */; };
		9E0D78E027EF792D00D7D41F /* HomeDataSource.swift in Sources */ = {isa = PBXBuildFile; fileRef = 9E0D78DF27EF792D00D7D41F /* HomeDataSource.swift */; };
		9E0D78E227EF7A7400D7D41F /* HomeViewLayout.swift in Sources */ = {isa = PBXBuildFile; fileRef = 9E0D78E127EF7A7400D7D41F /* HomeViewLayout.swift */; };
		9E0FB44027EFA50700069ED9 /* HomeViewSnapShotBuilder.swift in Sources */ = {isa = PBXBuildFile; fileRef = 9E0FB43F27EFA50700069ED9 /* HomeViewSnapShotBuilder.swift */; };
		9EE488BF27EDE802003F7F73 /* barakaApp.swift in Sources */ = {isa = PBXBuildFile; fileRef = 9EE488BE27EDE802003F7F73 /* barakaApp.swift */; };
		9EE488C327EDE803003F7F73 /* Assets.xcassets in Resources */ = {isa = PBXBuildFile; fileRef = 9EE488C227EDE803003F7F73 /* Assets.xcassets */; };
		9EE488D027EDE803003F7F73 /* barakaTests.swift in Sources */ = {isa = PBXBuildFile; fileRef = 9EE488CF27EDE803003F7F73 /* barakaTests.swift */; };
		9EE488DA27EDE803003F7F73 /* barakaUITests.swift in Sources */ = {isa = PBXBuildFile; fileRef = 9EE488D927EDE803003F7F73 /* barakaUITests.swift */; };
		9EE488DC27EDE803003F7F73 /* barakaUITestsLaunchTests.swift in Sources */ = {isa = PBXBuildFile; fileRef = 9EE488DB27EDE803003F7F73 /* barakaUITestsLaunchTests.swift */; };
		9EE488E927EDEB48003F7F73 /* ContentView.swift in Sources */ = {isa = PBXBuildFile; fileRef = 9EE488E827EDEB48003F7F73 /* ContentView.swift */; };
		9EE488EB27EDEBBA003F7F73 /* HomeViewController.swift in Sources */ = {isa = PBXBuildFile; fileRef = 9EE488EA27EDEBBA003F7F73 /* HomeViewController.swift */; };
		9EE488F027EDF139003F7F73 /* TickersService.swift in Sources */ = {isa = PBXBuildFile; fileRef = 9EE488EF27EDF139003F7F73 /* TickersService.swift */; };
		9EE488F227EDFEF7003F7F73 /* NewsService.swift in Sources */ = {isa = PBXBuildFile; fileRef = 9EE488F127EDFEF7003F7F73 /* NewsService.swift */; };
		9EE488F527EE00A4003F7F73 /* Ticker.swift in Sources */ = {isa = PBXBuildFile; fileRef = 9EE488F427EE00A4003F7F73 /* Ticker.swift */; };
		9EE488F727EE00EC003F7F73 /* News.swift in Sources */ = {isa = PBXBuildFile; fileRef = 9EE488F627EE00EC003F7F73 /* News.swift */; };
/* End PBXBuildFile section */

/* Begin PBXContainerItemProxy section */
		9EE488CC27EDE803003F7F73 /* PBXContainerItemProxy */ = {
			isa = PBXContainerItemProxy;
			containerPortal = 9EE488B327EDE802003F7F73 /* Project object */;
			proxyType = 1;
			remoteGlobalIDString = 9EE488BA27EDE802003F7F73;
			remoteInfo = baraka;
		};
		9EE488D627EDE803003F7F73 /* PBXContainerItemProxy */ = {
			isa = PBXContainerItemProxy;
			containerPortal = 9EE488B327EDE802003F7F73 /* Project object */;
			proxyType = 1;
			remoteGlobalIDString = 9EE488BA27EDE802003F7F73;
			remoteInfo = baraka;
		};
/* End PBXContainerItemProxy section */

/* Begin PBXFileReference section */
		9E0D78CB27EED18C00D7D41F /* TickerCell.swift */ = {isa = PBXFileReference; lastKnownFileType = sourcecode.swift; path = TickerCell.swift; sourceTree = "<group>"; };
		9E0D78CD27EED1D500D7D41F /* ArticleCardCell.swift */ = {isa = PBXFileReference; lastKnownFileType = sourcecode.swift; path = ArticleCardCell.swift; sourceTree = "<group>"; };
		9E0D78CF27EED1E900D7D41F /* ArticleCell.swift */ = {isa = PBXFileReference; lastKnownFileType = sourcecode.swift; path = ArticleCell.swift; sourceTree = "<group>"; };
		9E0D78D427EF114800D7D41F /* HomeSectionHeaderView.swift.swift */ = {isa = PBXFileReference; lastKnownFileType = sourcecode.swift; path = HomeSectionHeaderView.swift.swift; sourceTree = "<group>"; };
		9E0D78D727EF68CE00D7D41F /* HomeViewModel.swift */ = {isa = PBXFileReference; lastKnownFileType = sourcecode.swift; path = HomeViewModel.swift; sourceTree = "<group>"; };
		9E0D78DB27EF716F00D7D41F /* Section.swift */ = {isa = PBXFileReference; lastKnownFileType = sourcecode.swift; path = Section.swift; sourceTree = "<group>"; };
		9E0D78DD27EF718900D7D41F /* Cell.swift */ = {isa = PBXFileReference; lastKnownFileType = sourcecode.swift; path = Cell.swift; sourceTree = "<group>"; };
		9E0D78DF27EF792D00D7D41F /* HomeDataSource.swift */ = {isa = PBXFileReference; lastKnownFileType = sourcecode.swift; path = HomeDataSource.swift; sourceTree = "<group>"; };
		9E0D78E127EF7A7400D7D41F /* HomeViewLayout.swift */ = {isa = PBXFileReference; lastKnownFileType = sourcecode.swift; path = HomeViewLayout.swift; sourceTree = "<group>"; };
		9E0FB43F27EFA50700069ED9 /* HomeViewSnapShotBuilder.swift */ = {isa = PBXFileReference; lastKnownFileType = sourcecode.swift; path = HomeViewSnapShotBuilder.swift; sourceTree = "<group>"; };
		9EE488BB27EDE802003F7F73 /* baraka.app */ = {isa = PBXFileReference; explicitFileType = wrapper.application; includeInIndex = 0; path = baraka.app; sourceTree = BUILT_PRODUCTS_DIR; };
		9EE488BE27EDE802003F7F73 /* barakaApp.swift */ = {isa = PBXFileReference; lastKnownFileType = sourcecode.swift; path = barakaApp.swift; sourceTree = "<group>"; };
		9EE488C227EDE803003F7F73 /* Assets.xcassets */ = {isa = PBXFileReference; lastKnownFileType = folder.assetcatalog; path = Assets.xcassets; sourceTree = "<group>"; };
		9EE488CB27EDE803003F7F73 /* barakaTests.xctest */ = {isa = PBXFileReference; explicitFileType = wrapper.cfbundle; includeInIndex = 0; path = barakaTests.xctest; sourceTree = BUILT_PRODUCTS_DIR; };
		9EE488CF27EDE803003F7F73 /* barakaTests.swift */ = {isa = PBXFileReference; lastKnownFileType = sourcecode.swift; path = barakaTests.swift; sourceTree = "<group>"; };
		9EE488D527EDE803003F7F73 /* barakaUITests.xctest */ = {isa = PBXFileReference; explicitFileType = wrapper.cfbundle; includeInIndex = 0; path = barakaUITests.xctest; sourceTree = BUILT_PRODUCTS_DIR; };
		9EE488D927EDE803003F7F73 /* barakaUITests.swift */ = {isa = PBXFileReference; lastKnownFileType = sourcecode.swift; path = barakaUITests.swift; sourceTree = "<group>"; };
		9EE488DB27EDE803003F7F73 /* barakaUITestsLaunchTests.swift */ = {isa = PBXFileReference; lastKnownFileType = sourcecode.swift; path = barakaUITestsLaunchTests.swift; sourceTree = "<group>"; };
		9EE488E827EDEB48003F7F73 /* ContentView.swift */ = {isa = PBXFileReference; lastKnownFileType = sourcecode.swift; path = ContentView.swift; sourceTree = "<group>"; };
		9EE488EA27EDEBBA003F7F73 /* HomeViewController.swift */ = {isa = PBXFileReference; lastKnownFileType = sourcecode.swift; path = HomeViewController.swift; sourceTree = "<group>"; };
		9EE488EF27EDF139003F7F73 /* TickersService.swift */ = {isa = PBXFileReference; lastKnownFileType = sourcecode.swift; path = TickersService.swift; sourceTree = "<group>"; };
		9EE488F127EDFEF7003F7F73 /* NewsService.swift */ = {isa = PBXFileReference; lastKnownFileType = sourcecode.swift; path = NewsService.swift; sourceTree = "<group>"; };
		9EE488F427EE00A4003F7F73 /* Ticker.swift */ = {isa = PBXFileReference; lastKnownFileType = sourcecode.swift; path = Ticker.swift; sourceTree = "<group>"; };
		9EE488F627EE00EC003F7F73 /* News.swift */ = {isa = PBXFileReference; lastKnownFileType = sourcecode.swift; path = News.swift; sourceTree = "<group>"; };
/* End PBXFileReference section */

/* Begin PBXFrameworksBuildPhase section */
		9EE488B827EDE802003F7F73 /* Frameworks */ = {
			isa = PBXFrameworksBuildPhase;
			buildActionMask = 2147483647;
			files = (
				9E0D78D327EEEF9E00D7D41F /* Kingfisher in Frameworks */,
			);
			runOnlyForDeploymentPostprocessing = 0;
		};
		9EE488C827EDE803003F7F73 /* Frameworks */ = {
			isa = PBXFrameworksBuildPhase;
			buildActionMask = 2147483647;
			files = (
			);
			runOnlyForDeploymentPostprocessing = 0;
		};
		9EE488D227EDE803003F7F73 /* Frameworks */ = {
			isa = PBXFrameworksBuildPhase;
			buildActionMask = 2147483647;
			files = (
			);
			runOnlyForDeploymentPostprocessing = 0;
		};
/* End PBXFrameworksBuildPhase section */

/* Begin PBXGroup section */
		9E0D78CA27EED14300D7D41F /* Cells */ = {
			isa = PBXGroup;
			children = (
				9E0D78CB27EED18C00D7D41F /* TickerCell.swift */,
				9E0D78CD27EED1D500D7D41F /* ArticleCardCell.swift */,
				9E0D78CF27EED1E900D7D41F /* ArticleCell.swift */,
			);
			path = Cells;
			sourceTree = "<group>";
		};
		9E0D78D627EF68B300D7D41F /* Header */ = {
			isa = PBXGroup;
			children = (
				9E0D78D427EF114800D7D41F /* HomeSectionHeaderView.swift.swift */,
			);
			path = Header;
			sourceTree = "<group>";
		};
		9E0D78D927EF715300D7D41F /* Home */ = {
			isa = PBXGroup;
			children = (
				9E0FB43E27EFA4FB00069ED9 /* Utils */,
				9E0D78DA27EF715F00D7D41F /* Models */,
				9E0D78D627EF68B300D7D41F /* Header */,
				9E0D78CA27EED14300D7D41F /* Cells */,
				9EE488EA27EDEBBA003F7F73 /* HomeViewController.swift */,
				9E0D78D727EF68CE00D7D41F /* HomeViewModel.swift */,
				9E0D78DF27EF792D00D7D41F /* HomeDataSource.swift */,
				9E0D78E127EF7A7400D7D41F /* HomeViewLayout.swift */,
			);
			path = Home;
			sourceTree = "<group>";
		};
		9E0D78DA27EF715F00D7D41F /* Models */ = {
			isa = PBXGroup;
			children = (
				9E0D78DB27EF716F00D7D41F /* Section.swift */,
				9E0D78DD27EF718900D7D41F /* Cell.swift */,
			);
			path = Models;
			sourceTree = "<group>";
		};
		9E0FB43E27EFA4FB00069ED9 /* Utils */ = {
			isa = PBXGroup;
			children = (
				9E0FB43F27EFA50700069ED9 /* HomeViewSnapShotBuilder.swift */,
			);
			path = Utils;
			sourceTree = "<group>";
		};
		9E0FB44127EFACAD00069ED9 /* DesignSystem */ = {
			isa = PBXGroup;
			children = (
			);
			path = DesignSystem;
			sourceTree = "<group>";
		};
		9EE488B227EDE802003F7F73 = {
			isa = PBXGroup;
			children = (
				9EE488BD27EDE802003F7F73 /* baraka */,
				9EE488CE27EDE803003F7F73 /* barakaTests */,
				9EE488D827EDE803003F7F73 /* barakaUITests */,
				9EE488BC27EDE802003F7F73 /* Products */,
			);
			sourceTree = "<group>";
		};
		9EE488BC27EDE802003F7F73 /* Products */ = {
			isa = PBXGroup;
			children = (
				9EE488BB27EDE802003F7F73 /* baraka.app */,
				9EE488CB27EDE803003F7F73 /* barakaTests.xctest */,
				9EE488D527EDE803003F7F73 /* barakaUITests.xctest */,
			);
			name = Products;
			sourceTree = "<group>";
		};
		9EE488BD27EDE802003F7F73 /* baraka */ = {
			isa = PBXGroup;
			children = (
				9EE488F327EE0097003F7F73 /* Models */,
				9EE488EE27EDF114003F7F73 /* App */,
				9EE488ED27EDF10A003F7F73 /* Services */,
				9EE488EC27EDF0F4003F7F73 /* Presentation */,
			);
			path = baraka;
			sourceTree = "<group>";
		};
		9EE488CE27EDE803003F7F73 /* barakaTests */ = {
			isa = PBXGroup;
			children = (
				9EE488CF27EDE803003F7F73 /* barakaTests.swift */,
			);
			path = barakaTests;
			sourceTree = "<group>";
		};
		9EE488D827EDE803003F7F73 /* barakaUITests */ = {
			isa = PBXGroup;
			children = (
				9EE488D927EDE803003F7F73 /* barakaUITests.swift */,
				9EE488DB27EDE803003F7F73 /* barakaUITestsLaunchTests.swift */,
			);
			path = barakaUITests;
			sourceTree = "<group>";
		};
		9EE488EC27EDF0F4003F7F73 /* Presentation */ = {
			isa = PBXGroup;
			children = (
				9E0FB44127EFACAD00069ED9 /* DesignSystem */,
				9E0D78D927EF715300D7D41F /* Home */,
			);
			path = Presentation;
			sourceTree = "<group>";
		};
		9EE488ED27EDF10A003F7F73 /* Services */ = {
			isa = PBXGroup;
			children = (
				9EE488EF27EDF139003F7F73 /* TickersService.swift */,
				9EE488F127EDFEF7003F7F73 /* NewsService.swift */,
			);
			path = Services;
			sourceTree = "<group>";
		};
		9EE488EE27EDF114003F7F73 /* App */ = {
			isa = PBXGroup;
			children = (
				9EE488BE27EDE802003F7F73 /* barakaApp.swift */,
				9EE488C227EDE803003F7F73 /* Assets.xcassets */,
				9EE488E827EDEB48003F7F73 /* ContentView.swift */,
			);
			path = App;
			sourceTree = "<group>";
		};
		9EE488F327EE0097003F7F73 /* Models */ = {
			isa = PBXGroup;
			children = (
				9EE488F427EE00A4003F7F73 /* Ticker.swift */,
				9EE488F627EE00EC003F7F73 /* News.swift */,
			);
			path = Models;
			sourceTree = "<group>";
		};
/* End PBXGroup section */

/* Begin PBXNativeTarget section */
		9EE488BA27EDE802003F7F73 /* baraka */ = {
			isa = PBXNativeTarget;
			buildConfigurationList = 9EE488DF27EDE803003F7F73 /* Build configuration list for PBXNativeTarget "baraka" */;
			buildPhases = (
				9EE488B727EDE802003F7F73 /* Sources */,
				9EE488B827EDE802003F7F73 /* Frameworks */,
				9EE488B927EDE802003F7F73 /* Resources */,
			);
			buildRules = (
			);
			dependencies = (
			);
			name = baraka;
			packageProductDependencies = (
				9E0D78D227EEEF9E00D7D41F /* Kingfisher */,
			);
			productName = baraka;
			productReference = 9EE488BB27EDE802003F7F73 /* baraka.app */;
			productType = "com.apple.product-type.application";
		};
		9EE488CA27EDE803003F7F73 /* barakaTests */ = {
			isa = PBXNativeTarget;
			buildConfigurationList = 9EE488E227EDE803003F7F73 /* Build configuration list for PBXNativeTarget "barakaTests" */;
			buildPhases = (
				9EE488C727EDE803003F7F73 /* Sources */,
				9EE488C827EDE803003F7F73 /* Frameworks */,
				9EE488C927EDE803003F7F73 /* Resources */,
			);
			buildRules = (
			);
			dependencies = (
				9EE488CD27EDE803003F7F73 /* PBXTargetDependency */,
			);
			name = barakaTests;
			productName = barakaTests;
			productReference = 9EE488CB27EDE803003F7F73 /* barakaTests.xctest */;
			productType = "com.apple.product-type.bundle.unit-test";
		};
		9EE488D427EDE803003F7F73 /* barakaUITests */ = {
			isa = PBXNativeTarget;
			buildConfigurationList = 9EE488E527EDE803003F7F73 /* Build configuration list for PBXNativeTarget "barakaUITests" */;
			buildPhases = (
				9EE488D127EDE803003F7F73 /* Sources */,
				9EE488D227EDE803003F7F73 /* Frameworks */,
				9EE488D327EDE803003F7F73 /* Resources */,
			);
			buildRules = (
			);
			dependencies = (
				9EE488D727EDE803003F7F73 /* PBXTargetDependency */,
			);
			name = barakaUITests;
			productName = barakaUITests;
			productReference = 9EE488D527EDE803003F7F73 /* barakaUITests.xctest */;
			productType = "com.apple.product-type.bundle.ui-testing";
		};
/* End PBXNativeTarget section */

/* Begin PBXProject section */
		9EE488B327EDE802003F7F73 /* Project object */ = {
			isa = PBXProject;
			attributes = {
				BuildIndependentTargetsInParallel = 1;
				LastSwiftUpdateCheck = 1320;
				LastUpgradeCheck = 1320;
				TargetAttributes = {
					9EE488BA27EDE802003F7F73 = {
						CreatedOnToolsVersion = 13.2.1;
					};
					9EE488CA27EDE803003F7F73 = {
						CreatedOnToolsVersion = 13.2.1;
						TestTargetID = 9EE488BA27EDE802003F7F73;
					};
					9EE488D427EDE803003F7F73 = {
						CreatedOnToolsVersion = 13.2.1;
						TestTargetID = 9EE488BA27EDE802003F7F73;
					};
				};
			};
			buildConfigurationList = 9EE488B627EDE802003F7F73 /* Build configuration list for PBXProject "baraka" */;
			compatibilityVersion = "Xcode 13.0";
			developmentRegion = en;
			hasScannedForEncodings = 0;
			knownRegions = (
				en,
				Base,
			);
			mainGroup = 9EE488B227EDE802003F7F73;
			packageReferences = (
				9E0D78D127EEEF9E00D7D41F /* XCRemoteSwiftPackageReference "Kingfisher" */,
			);
			productRefGroup = 9EE488BC27EDE802003F7F73 /* Products */;
			projectDirPath = "";
			projectRoot = "";
			targets = (
				9EE488BA27EDE802003F7F73 /* baraka */,
				9EE488CA27EDE803003F7F73 /* barakaTests */,
				9EE488D427EDE803003F7F73 /* barakaUITests */,
			);
		};
/* End PBXProject section */

/* Begin PBXResourcesBuildPhase section */
		9EE488B927EDE802003F7F73 /* Resources */ = {
			isa = PBXResourcesBuildPhase;
			buildActionMask = 2147483647;
			files = (
				9EE488C327EDE803003F7F73 /* Assets.xcassets in Resources */,
			);
			runOnlyForDeploymentPostprocessing = 0;
		};
		9EE488C927EDE803003F7F73 /* Resources */ = {
			isa = PBXResourcesBuildPhase;
			buildActionMask = 2147483647;
			files = (
			);
			runOnlyForDeploymentPostprocessing = 0;
		};
		9EE488D327EDE803003F7F73 /* Resources */ = {
			isa = PBXResourcesBuildPhase;
			buildActionMask = 2147483647;
			files = (
			);
			runOnlyForDeploymentPostprocessing = 0;
		};
/* End PBXResourcesBuildPhase section */

/* Begin PBXSourcesBuildPhase section */
		9EE488B727EDE802003F7F73 /* Sources */ = {
			isa = PBXSourcesBuildPhase;
			buildActionMask = 2147483647;
			files = (
				9EE488F227EDFEF7003F7F73 /* NewsService.swift in Sources */,
				9E0D78E227EF7A7400D7D41F /* HomeViewLayout.swift in Sources */,
				9EE488F527EE00A4003F7F73 /* Ticker.swift in Sources */,
				9EE488E927EDEB48003F7F73 /* ContentView.swift in Sources */,
				9EE488F027EDF139003F7F73 /* TickersService.swift in Sources */,
				9E0D78D527EF114800D7D41F /* HomeSectionHeaderView.swift.swift in Sources */,
				9EE488F727EE00EC003F7F73 /* News.swift in Sources */,
				9E0D78CC27EED18C00D7D41F /* TickerCell.swift in Sources */,
				9E0FB44027EFA50700069ED9 /* HomeViewSnapShotBuilder.swift in Sources */,
				9E0D78DC27EF716F00D7D41F /* Section.swift in Sources */,
				9E0D78D827EF68CE00D7D41F /* HomeViewModel.swift in Sources */,
				9E0D78DE27EF718900D7D41F /* Cell.swift in Sources */,
				9E0D78E027EF792D00D7D41F /* HomeDataSource.swift in Sources */,
				9EE488BF27EDE802003F7F73 /* barakaApp.swift in Sources */,
				9EE488EB27EDEBBA003F7F73 /* HomeViewController.swift in Sources */,
				9E0D78D027EED1E900D7D41F /* ArticleCell.swift in Sources */,
				9E0D78CE27EED1D500D7D41F /* ArticleCardCell.swift in Sources */,
			);
			runOnlyForDeploymentPostprocessing = 0;
		};
		9EE488C727EDE803003F7F73 /* Sources */ = {
			isa = PBXSourcesBuildPhase;
			buildActionMask = 2147483647;
			files = (
				9EE488D027EDE803003F7F73 /* barakaTests.swift in Sources */,
			);
			runOnlyForDeploymentPostprocessing = 0;
		};
		9EE488D127EDE803003F7F73 /* Sources */ = {
			isa = PBXSourcesBuildPhase;
			buildActionMask = 2147483647;
			files = (
				9EE488DC27EDE803003F7F73 /* barakaUITestsLaunchTests.swift in Sources */,
				9EE488DA27EDE803003F7F73 /* barakaUITests.swift in Sources */,
			);
			runOnlyForDeploymentPostprocessing = 0;
		};
/* End PBXSourcesBuildPhase section */

/* Begin PBXTargetDependency section */
		9EE488CD27EDE803003F7F73 /* PBXTargetDependency */ = {
			isa = PBXTargetDependency;
			target = 9EE488BA27EDE802003F7F73 /* baraka */;
			targetProxy = 9EE488CC27EDE803003F7F73 /* PBXContainerItemProxy */;
		};
		9EE488D727EDE803003F7F73 /* PBXTargetDependency */ = {
			isa = PBXTargetDependency;
			target = 9EE488BA27EDE802003F7F73 /* baraka */;
			targetProxy = 9EE488D627EDE803003F7F73 /* PBXContainerItemProxy */;
		};
/* End PBXTargetDependency section */

/* Begin XCBuildConfiguration section */
		9EE488DD27EDE803003F7F73 /* Debug */ = {
			isa = XCBuildConfiguration;
			buildSettings = {
				ALWAYS_SEARCH_USER_PATHS = NO;
				CLANG_ANALYZER_NONNULL = YES;
				CLANG_ANALYZER_NUMBER_OBJECT_CONVERSION = YES_AGGRESSIVE;
				CLANG_CXX_LANGUAGE_STANDARD = "gnu++17";
				CLANG_CXX_LIBRARY = "libc++";
				CLANG_ENABLE_MODULES = YES;
				CLANG_ENABLE_OBJC_ARC = YES;
				CLANG_ENABLE_OBJC_WEAK = YES;
				CLANG_WARN_BLOCK_CAPTURE_AUTORELEASING = YES;
				CLANG_WARN_BOOL_CONVERSION = YES;
				CLANG_WARN_COMMA = YES;
				CLANG_WARN_CONSTANT_CONVERSION = YES;
				CLANG_WARN_DEPRECATED_OBJC_IMPLEMENTATIONS = YES;
				CLANG_WARN_DIRECT_OBJC_ISA_USAGE = YES_ERROR;
				CLANG_WARN_DOCUMENTATION_COMMENTS = YES;
				CLANG_WARN_EMPTY_BODY = YES;
				CLANG_WARN_ENUM_CONVERSION = YES;
				CLANG_WARN_INFINITE_RECURSION = YES;
				CLANG_WARN_INT_CONVERSION = YES;
				CLANG_WARN_NON_LITERAL_NULL_CONVERSION = YES;
				CLANG_WARN_OBJC_IMPLICIT_RETAIN_SELF = YES;
				CLANG_WARN_OBJC_LITERAL_CONVERSION = YES;
				CLANG_WARN_OBJC_ROOT_CLASS = YES_ERROR;
				CLANG_WARN_QUOTED_INCLUDE_IN_FRAMEWORK_HEADER = YES;
				CLANG_WARN_RANGE_LOOP_ANALYSIS = YES;
				CLANG_WARN_STRICT_PROTOTYPES = YES;
				CLANG_WARN_SUSPICIOUS_MOVE = YES;
				CLANG_WARN_UNGUARDED_AVAILABILITY = YES_AGGRESSIVE;
				CLANG_WARN_UNREACHABLE_CODE = YES;
				CLANG_WARN__DUPLICATE_METHOD_MATCH = YES;
				COPY_PHASE_STRIP = NO;
				DEBUG_INFORMATION_FORMAT = dwarf;
				ENABLE_STRICT_OBJC_MSGSEND = YES;
				ENABLE_TESTABILITY = YES;
				GCC_C_LANGUAGE_STANDARD = gnu11;
				GCC_DYNAMIC_NO_PIC = NO;
				GCC_NO_COMMON_BLOCKS = YES;
				GCC_OPTIMIZATION_LEVEL = 0;
				GCC_PREPROCESSOR_DEFINITIONS = (
					"DEBUG=1",
					"$(inherited)",
				);
				GCC_WARN_64_TO_32_BIT_CONVERSION = YES;
				GCC_WARN_ABOUT_RETURN_TYPE = YES_ERROR;
				GCC_WARN_UNDECLARED_SELECTOR = YES;
				GCC_WARN_UNINITIALIZED_AUTOS = YES_AGGRESSIVE;
				GCC_WARN_UNUSED_FUNCTION = YES;
				GCC_WARN_UNUSED_VARIABLE = YES;
				IPHONEOS_DEPLOYMENT_TARGET = 15.2;
				MTL_ENABLE_DEBUG_INFO = INCLUDE_SOURCE;
				MTL_FAST_MATH = YES;
				ONLY_ACTIVE_ARCH = YES;
				SDKROOT = iphoneos;
				SWIFT_ACTIVE_COMPILATION_CONDITIONS = DEBUG;
				SWIFT_OPTIMIZATION_LEVEL = "-Onone";
			};
			name = Debug;
		};
		9EE488DE27EDE803003F7F73 /* Release */ = {
			isa = XCBuildConfiguration;
			buildSettings = {
				ALWAYS_SEARCH_USER_PATHS = NO;
				CLANG_ANALYZER_NONNULL = YES;
				CLANG_ANALYZER_NUMBER_OBJECT_CONVERSION = YES_AGGRESSIVE;
				CLANG_CXX_LANGUAGE_STANDARD = "gnu++17";
				CLANG_CXX_LIBRARY = "libc++";
				CLANG_ENABLE_MODULES = YES;
				CLANG_ENABLE_OBJC_ARC = YES;
				CLANG_ENABLE_OBJC_WEAK = YES;
				CLANG_WARN_BLOCK_CAPTURE_AUTORELEASING = YES;
				CLANG_WARN_BOOL_CONVERSION = YES;
				CLANG_WARN_COMMA = YES;
				CLANG_WARN_CONSTANT_CONVERSION = YES;
				CLANG_WARN_DEPRECATED_OBJC_IMPLEMENTATIONS = YES;
				CLANG_WARN_DIRECT_OBJC_ISA_USAGE = YES_ERROR;
				CLANG_WARN_DOCUMENTATION_COMMENTS = YES;
				CLANG_WARN_EMPTY_BODY = YES;
				CLANG_WARN_ENUM_CONVERSION = YES;
				CLANG_WARN_INFINITE_RECURSION = YES;
				CLANG_WARN_INT_CONVERSION = YES;
				CLANG_WARN_NON_LITERAL_NULL_CONVERSION = YES;
				CLANG_WARN_OBJC_IMPLICIT_RETAIN_SELF = YES;
				CLANG_WARN_OBJC_LITERAL_CONVERSION = YES;
				CLANG_WARN_OBJC_ROOT_CLASS = YES_ERROR;
				CLANG_WARN_QUOTED_INCLUDE_IN_FRAMEWORK_HEADER = YES;
				CLANG_WARN_RANGE_LOOP_ANALYSIS = YES;
				CLANG_WARN_STRICT_PROTOTYPES = YES;
				CLANG_WARN_SUSPICIOUS_MOVE = YES;
				CLANG_WARN_UNGUARDED_AVAILABILITY = YES_AGGRESSIVE;
				CLANG_WARN_UNREACHABLE_CODE = YES;
				CLANG_WARN__DUPLICATE_METHOD_MATCH = YES;
				COPY_PHASE_STRIP = NO;
				DEBUG_INFORMATION_FORMAT = "dwarf-with-dsym";
				ENABLE_NS_ASSERTIONS = NO;
				ENABLE_STRICT_OBJC_MSGSEND = YES;
				GCC_C_LANGUAGE_STANDARD = gnu11;
				GCC_NO_COMMON_BLOCKS = YES;
				GCC_WARN_64_TO_32_BIT_CONVERSION = YES;
				GCC_WARN_ABOUT_RETURN_TYPE = YES_ERROR;
				GCC_WARN_UNDECLARED_SELECTOR = YES;
				GCC_WARN_UNINITIALIZED_AUTOS = YES_AGGRESSIVE;
				GCC_WARN_UNUSED_FUNCTION = YES;
				GCC_WARN_UNUSED_VARIABLE = YES;
				IPHONEOS_DEPLOYMENT_TARGET = 15.2;
				MTL_ENABLE_DEBUG_INFO = NO;
				MTL_FAST_MATH = YES;
				SDKROOT = iphoneos;
				SWIFT_COMPILATION_MODE = wholemodule;
				SWIFT_OPTIMIZATION_LEVEL = "-O";
				VALIDATE_PRODUCT = YES;
			};
			name = Release;
		};
		9EE488E027EDE803003F7F73 /* Debug */ = {
			isa = XCBuildConfiguration;
			buildSettings = {
				ASSETCATALOG_COMPILER_APPICON_NAME = AppIcon;
				ASSETCATALOG_COMPILER_GLOBAL_ACCENT_COLOR_NAME = AccentColor;
				CODE_SIGN_STYLE = Automatic;
				CURRENT_PROJECT_VERSION = 1;
				DEVELOPMENT_TEAM = 7446HG6F59;
				ENABLE_PREVIEWS = YES;
				GENERATE_INFOPLIST_FILE = YES;
				INFOPLIST_KEY_UIApplicationSceneManifest_Generation = YES;
				INFOPLIST_KEY_UIApplicationSupportsIndirectInputEvents = YES;
				INFOPLIST_KEY_UILaunchScreen_Generation = YES;
				INFOPLIST_KEY_UISupportedInterfaceOrientations_iPad = "UIInterfaceOrientationPortrait UIInterfaceOrientationPortraitUpsideDown UIInterfaceOrientationLandscapeLeft UIInterfaceOrientationLandscapeRight";
				INFOPLIST_KEY_UISupportedInterfaceOrientations_iPhone = "UIInterfaceOrientationPortrait UIInterfaceOrientationLandscapeLeft UIInterfaceOrientationLandscapeRight";
				LD_RUNPATH_SEARCH_PATHS = (
					"$(inherited)",
					"@executable_path/Frameworks",
				);
				MARKETING_VERSION = 1.0;
				PRODUCT_BUNDLE_IDENTIFIER = com.ivolnov.baraka.baraka;
				PRODUCT_NAME = "$(TARGET_NAME)";
				SWIFT_EMIT_LOC_STRINGS = YES;
				SWIFT_VERSION = 5.0;
				TARGETED_DEVICE_FAMILY = "1,2";
			};
			name = Debug;
		};
		9EE488E127EDE803003F7F73 /* Release */ = {
			isa = XCBuildConfiguration;
			buildSettings = {
				ASSETCATALOG_COMPILER_APPICON_NAME = AppIcon;
				ASSETCATALOG_COMPILER_GLOBAL_ACCENT_COLOR_NAME = AccentColor;
				CODE_SIGN_STYLE = Automatic;
				CURRENT_PROJECT_VERSION = 1;
				DEVELOPMENT_TEAM = 7446HG6F59;
				ENABLE_PREVIEWS = YES;
				GENERATE_INFOPLIST_FILE = YES;
				INFOPLIST_KEY_UIApplicationSceneManifest_Generation = YES;
				INFOPLIST_KEY_UIApplicationSupportsIndirectInputEvents = YES;
				INFOPLIST_KEY_UILaunchScreen_Generation = YES;
				INFOPLIST_KEY_UISupportedInterfaceOrientations_iPad = "UIInterfaceOrientationPortrait UIInterfaceOrientationPortraitUpsideDown UIInterfaceOrientationLandscapeLeft UIInterfaceOrientationLandscapeRight";
				INFOPLIST_KEY_UISupportedInterfaceOrientations_iPhone = "UIInterfaceOrientationPortrait UIInterfaceOrientationLandscapeLeft UIInterfaceOrientationLandscapeRight";
				LD_RUNPATH_SEARCH_PATHS = (
					"$(inherited)",
					"@executable_path/Frameworks",
				);
				MARKETING_VERSION = 1.0;
				PRODUCT_BUNDLE_IDENTIFIER = com.ivolnov.baraka.baraka;
				PRODUCT_NAME = "$(TARGET_NAME)";
				SWIFT_EMIT_LOC_STRINGS = YES;
				SWIFT_VERSION = 5.0;
				TARGETED_DEVICE_FAMILY = "1,2";
			};
			name = Release;
		};
		9EE488E327EDE803003F7F73 /* Debug */ = {
			isa = XCBuildConfiguration;
			buildSettings = {
				ALWAYS_EMBED_SWIFT_STANDARD_LIBRARIES = YES;
				BUNDLE_LOADER = "$(TEST_HOST)";
				CODE_SIGN_STYLE = Automatic;
				CURRENT_PROJECT_VERSION = 1;
				DEVELOPMENT_TEAM = 7446HG6F59;
				GENERATE_INFOPLIST_FILE = YES;
				IPHONEOS_DEPLOYMENT_TARGET = 15.2;
				MARKETING_VERSION = 1.0;
				PRODUCT_BUNDLE_IDENTIFIER = com.ivolnov.baraka.barakaTests;
				PRODUCT_NAME = "$(TARGET_NAME)";
				SWIFT_EMIT_LOC_STRINGS = NO;
				SWIFT_VERSION = 5.0;
				TARGETED_DEVICE_FAMILY = "1,2";
				TEST_HOST = "$(BUILT_PRODUCTS_DIR)/baraka.app/baraka";
			};
			name = Debug;
		};
		9EE488E427EDE803003F7F73 /* Release */ = {
			isa = XCBuildConfiguration;
			buildSettings = {
				ALWAYS_EMBED_SWIFT_STANDARD_LIBRARIES = YES;
				BUNDLE_LOADER = "$(TEST_HOST)";
				CODE_SIGN_STYLE = Automatic;
				CURRENT_PROJECT_VERSION = 1;
				DEVELOPMENT_TEAM = 7446HG6F59;
				GENERATE_INFOPLIST_FILE = YES;
				IPHONEOS_DEPLOYMENT_TARGET = 15.2;
				MARKETING_VERSION = 1.0;
				PRODUCT_BUNDLE_IDENTIFIER = com.ivolnov.baraka.barakaTests;
				PRODUCT_NAME = "$(TARGET_NAME)";
				SWIFT_EMIT_LOC_STRINGS = NO;
				SWIFT_VERSION = 5.0;
				TARGETED_DEVICE_FAMILY = "1,2";
				TEST_HOST = "$(BUILT_PRODUCTS_DIR)/baraka.app/baraka";
			};
			name = Release;
		};
		9EE488E627EDE803003F7F73 /* Debug */ = {
			isa = XCBuildConfiguration;
			buildSettings = {
				ALWAYS_EMBED_SWIFT_STANDARD_LIBRARIES = YES;
				CODE_SIGN_STYLE = Automatic;
				CURRENT_PROJECT_VERSION = 1;
				DEVELOPMENT_TEAM = 7446HG6F59;
				GENERATE_INFOPLIST_FILE = YES;
				MARKETING_VERSION = 1.0;
				PRODUCT_BUNDLE_IDENTIFIER = com.ivolnov.baraka.barakaUITests;
				PRODUCT_NAME = "$(TARGET_NAME)";
				SWIFT_EMIT_LOC_STRINGS = NO;
				SWIFT_VERSION = 5.0;
				TARGETED_DEVICE_FAMILY = "1,2";
				TEST_TARGET_NAME = baraka;
			};
			name = Debug;
		};
		9EE488E727EDE803003F7F73 /* Release */ = {
			isa = XCBuildConfiguration;
			buildSettings = {
				ALWAYS_EMBED_SWIFT_STANDARD_LIBRARIES = YES;
				CODE_SIGN_STYLE = Automatic;
				CURRENT_PROJECT_VERSION = 1;
				DEVELOPMENT_TEAM = 7446HG6F59;
				GENERATE_INFOPLIST_FILE = YES;
				MARKETING_VERSION = 1.0;
				PRODUCT_BUNDLE_IDENTIFIER = com.ivolnov.baraka.barakaUITests;
				PRODUCT_NAME = "$(TARGET_NAME)";
				SWIFT_EMIT_LOC_STRINGS = NO;
				SWIFT_VERSION = 5.0;
				TARGETED_DEVICE_FAMILY = "1,2";
				TEST_TARGET_NAME = baraka;
			};
			name = Release;
		};
/* End XCBuildConfiguration section */

/* Begin XCConfigurationList section */
		9EE488B627EDE802003F7F73 /* Build configuration list for PBXProject "baraka" */ = {
			isa = XCConfigurationList;
			buildConfigurations = (
				9EE488DD27EDE803003F7F73 /* Debug */,
				9EE488DE27EDE803003F7F73 /* Release */,
			);
			defaultConfigurationIsVisible = 0;
			defaultConfigurationName = Release;
		};
		9EE488DF27EDE803003F7F73 /* Build configuration list for PBXNativeTarget "baraka" */ = {
			isa = XCConfigurationList;
			buildConfigurations = (
				9EE488E027EDE803003F7F73 /* Debug */,
				9EE488E127EDE803003F7F73 /* Release */,
			);
			defaultConfigurationIsVisible = 0;
			defaultConfigurationName = Release;
		};
		9EE488E227EDE803003F7F73 /* Build configuration list for PBXNativeTarget "barakaTests" */ = {
			isa = XCConfigurationList;
			buildConfigurations = (
				9EE488E327EDE803003F7F73 /* Debug */,
				9EE488E427EDE803003F7F73 /* Release */,
			);
			defaultConfigurationIsVisible = 0;
			defaultConfigurationName = Release;
		};
		9EE488E527EDE803003F7F73 /* Build configuration list for PBXNativeTarget "barakaUITests" */ = {
			isa = XCConfigurationList;
			buildConfigurations = (
				9EE488E627EDE803003F7F73 /* Debug */,
				9EE488E727EDE803003F7F73 /* Release */,
			);
			defaultConfigurationIsVisible = 0;
			defaultConfigurationName = Release;
		};
/* End XCConfigurationList section */

/* Begin XCRemoteSwiftPackageReference section */
		9E0D78D127EEEF9E00D7D41F /* XCRemoteSwiftPackageReference "Kingfisher" */ = {
			isa = XCRemoteSwiftPackageReference;
			repositoryURL = "https://github.com/onevcat/Kingfisher.git";
			requirement = {
				kind = upToNextMajorVersion;
				minimumVersion = 7.0.0;
			};
		};
/* End XCRemoteSwiftPackageReference section */

/* Begin XCSwiftPackageProductDependency section */
		9E0D78D227EEEF9E00D7D41F /* Kingfisher */ = {
			isa = XCSwiftPackageProductDependency;
			package = 9E0D78D127EEEF9E00D7D41F /* XCRemoteSwiftPackageReference "Kingfisher" */;
			productName = Kingfisher;
		};
/* End XCSwiftPackageProductDependency section */
	};
	rootObject = 9EE488B327EDE802003F7F73 /* Project object */;
}
